// !$*UTF8*$!
{
	archiveVersion = 1;
	classes = {
	};
	objectVersion = 77;
	objects = {

/* Begin PBXBuildFile section */
		0A30EFB38E94230E456A98C8 /* PortMonitorApp.swift in Sources */ = {isa = PBXBuildFile; fileRef = 6A456995D8C84DE699BD686A /* PortMonitorApp.swift */; };
		7B2010A879FD741E42AEFFD6 /* PortEntry.swift in Sources */ = {isa = PBXBuildFile; fileRef = 4D3175A8DE36EDB56E323566 /* PortEntry.swift */; };
		7B290E5C634E1AABDDDE322D /* AppSettings.swift in Sources */ = {isa = PBXBuildFile; fileRef = F4125518521E4405C68139CD /* AppSettings.swift */; };
		9EAC922A579FA76BE6C48482 /* PopoverView.swift in Sources */ = {isa = PBXBuildFile; fileRef = 7495F0A1FF5D610B689A1381 /* PopoverView.swift */; };
		9F5651A7200C583287451906 /* PortScanner.swift in Sources */ = {isa = PBXBuildFile; fileRef = AD9A4323E1B40C9C5503E0FE /* PortScanner.swift */; };
		D30B0B2377DAFDAB054B9A1B /* AppDelegate.swift in Sources */ = {isa = PBXBuildFile; fileRef = 43AA05AA62D396468348A107 /* AppDelegate.swift */; };
		E383703FA143D07D96D3C017 /* PortRowView.swift in Sources */ = {isa = PBXBuildFile; fileRef = C569A3CA347834A4B87FD6AC /* PortRowView.swift */; };
		EB2B687FFE5574A78BA42466 /* PortScannerTests.swift in Sources */ = {isa = PBXBuildFile; fileRef = B9D61A2BAEC340ECAB393818 /* PortScannerTests.swift */; };
/* End PBXBuildFile section */

/* Begin PBXContainerItemProxy section */
		B689047C3FA9DDF31000AC69 /* PBXContainerItemProxy */ = {
			isa = PBXContainerItemProxy;
			containerPortal = 2D455DD9EE09A0F76F3FBDE5 /* Project object */;
			proxyType = 1;
			remoteGlobalIDString = 922BC02235A5859C7E314391;
			remoteInfo = PortMonitor;
		};
/* End PBXContainerItemProxy section */

/* Begin PBXFileReference section */
		3E3DB39A4420591D8F7D4CDB /* PortMonitor.entitlements */ = {isa = PBXFileReference; lastKnownFileType = text.plist.entitlements; path = PortMonitor.entitlements; sourceTree = "<group>"; };
		43AA05AA62D396468348A107 /* AppDelegate.swift */ = {isa = PBXFileReference; lastKnownFileType = sourcecode.swift; path = AppDelegate.swift; sourceTree = "<group>"; };
		4D3175A8DE36EDB56E323566 /* PortEntry.swift */ = {isa = PBXFileReference; lastKnownFileType = sourcecode.swift; path = PortEntry.swift; sourceTree = "<group>"; };
		6A456995D8C84DE699BD686A /* PortMonitorApp.swift */ = {isa = PBXFileReference; lastKnownFileType = sourcecode.swift; path = PortMonitorApp.swift; sourceTree = "<group>"; };
		7495F0A1FF5D610B689A1381 /* PopoverView.swift */ = {isa = PBXFileReference; lastKnownFileType = sourcecode.swift; path = PopoverView.swift; sourceTree = "<group>"; };
		954D20742E2858ED149A962A /* PortMonitor.app */ = {isa = PBXFileReference; explicitFileType = wrapper.application; includeInIndex = 0; path = PortMonitor.app; sourceTree = BUILT_PRODUCTS_DIR; };
		AD9A4323E1B40C9C5503E0FE /* PortScanner.swift */ = {isa = PBXFileReference; lastKnownFileType = sourcecode.swift; path = PortScanner.swift; sourceTree = "<group>"; };
		B9D61A2BAEC340ECAB393818 /* PortScannerTests.swift */ = {isa = PBXFileReference; lastKnownFileType = sourcecode.swift; path = PortScannerTests.swift; sourceTree = "<group>"; };
		C569A3CA347834A4B87FD6AC /* PortRowView.swift */ = {isa = PBXFileReference; lastKnownFileType = sourcecode.swift; path = PortRowView.swift; sourceTree = "<group>"; };
		C5F5F8000758DA7CEF485F8E /* Info.plist */ = {isa = PBXFileReference; lastKnownFileType = text.plist; path = Info.plist; sourceTree = "<group>"; };
		F27101842710E3BEE8C25370 /* PortMonitorTests.xctest */ = {isa = PBXFileReference; explicitFileType = wrapper.cfbundle; includeInIndex = 0; path = PortMonitorTests.xctest; sourceTree = BUILT_PRODUCTS_DIR; };
		F4125518521E4405C68139CD /* AppSettings.swift */ = {isa = PBXFileReference; lastKnownFileType = sourcecode.swift; path = AppSettings.swift; sourceTree = "<group>"; };
/* End PBXFileReference section */

/* Begin PBXGroup section */
		0F692173D5F337B6B864F130 /* Models */ = {
			isa = PBXGroup;
			children = (
				4D3175A8DE36EDB56E323566 /* PortEntry.swift */,
			);
			path = Models;
			sourceTree = "<group>";
		};
		26C392D93DDD841FCAB56F13 = {
			isa = PBXGroup;
			children = (
				3B12E6F7242B9CEE69A24BA6 /* PortMonitor */,
				CB3CC988025F15F836BE551B /* PortMonitorTests */,
				D4EC400BF5297617A4495BEB /* Products */,
			);
			sourceTree = "<group>";
		};
		3B12E6F7242B9CEE69A24BA6 /* PortMonitor */ = {
			isa = PBXGroup;
			children = (
				43AA05AA62D396468348A107 /* AppDelegate.swift */,
				C5F5F8000758DA7CEF485F8E /* Info.plist */,
				3E3DB39A4420591D8F7D4CDB /* PortMonitor.entitlements */,
				6A456995D8C84DE699BD686A /* PortMonitorApp.swift */,
				0F692173D5F337B6B864F130 /* Models */,
				C148F6097B26D86A44F070CD /* Scanner */,
				7234BA83A696B884CCEFA7F9 /* Views */,
			);
			path = PortMonitor;
			sourceTree = "<group>";
		};
		7234BA83A696B884CCEFA7F9 /* Views */ = {
			isa = PBXGroup;
			children = (
				7495F0A1FF5D610B689A1381 /* PopoverView.swift */,
				C569A3CA347834A4B87FD6AC /* PortRowView.swift */,
			);
			path = Views;
			sourceTree = "<group>";
		};
		C148F6097B26D86A44F070CD /* Scanner */ = {
			isa = PBXGroup;
			children = (
				F4125518521E4405C68139CD /* AppSettings.swift */,
				AD9A4323E1B40C9C5503E0FE /* PortScanner.swift */,
			);
			path = Scanner;
			sourceTree = "<group>";
		};
		CB3CC988025F15F836BE551B /* PortMonitorTests */ = {
			isa = PBXGroup;
			children = (
				B9D61A2BAEC340ECAB393818 /* PortScannerTests.swift */,
			);
			path = PortMonitorTests;
			sourceTree = "<group>";
		};
		D4EC400BF5297617A4495BEB /* Products */ = {
			isa = PBXGroup;
			children = (
				954D20742E2858ED149A962A /* PortMonitor.app */,
				F27101842710E3BEE8C25370 /* PortMonitorTests.xctest */,
			);
			name = Products;
			sourceTree = "<group>";
		};
/* End PBXGroup section */

/* Begin PBXNativeTarget section */
		1C3EB56D25ECA13F2F5F3593 /* PortMonitorTests */ = {
			isa = PBXNativeTarget;
			buildConfigurationList = 08F03118F19293F9AD85D15F /* Build configuration list for PBXNativeTarget "PortMonitorTests" */;
			buildPhases = (
				FB9C046F603A7CA605A37808 /* Sources */,
			);
			buildRules = (
			);
			dependencies = (
				FC6B91C12EAC74E5414F87D4 /* PBXTargetDependency */,
			);
			name = PortMonitorTests;
			packageProductDependencies = (
			);
			productName = PortMonitorTests;
			productReference = F27101842710E3BEE8C25370 /* PortMonitorTests.xctest */;
			productType = "com.apple.product-type.bundle.unit-test";
		};
		922BC02235A5859C7E314391 /* PortMonitor */ = {
			isa = PBXNativeTarget;
			buildConfigurationList = 76A8387AFA8CE4EA4A67858D /* Build configuration list for PBXNativeTarget "PortMonitor" */;
			buildPhases = (
				912497B3CE1B24587F5896C3 /* Sources */,
			);
			buildRules = (
			);
			dependencies = (
			);
			name = PortMonitor;
			packageProductDependencies = (
			);
			productName = PortMonitor;
			productReference = 954D20742E2858ED149A962A /* PortMonitor.app */;
			productType = "com.apple.product-type.application";
		};
/* End PBXNativeTarget section */

/* Begin PBXProject section */
		2D455DD9EE09A0F76F3FBDE5 /* Project object */ = {
			isa = PBXProject;
			attributes = {
				BuildIndependentTargetsInParallel = YES;
				LastUpgradeCheck = 1430;
				TargetAttributes = {
					1C3EB56D25ECA13F2F5F3593 = {
						DevelopmentTeam = "";
						ProvisioningStyle = Automatic;
					};
					922BC02235A5859C7E314391 = {
						DevelopmentTeam = "";
						ProvisioningStyle = Automatic;
					};
				};
			};
			buildConfigurationList = 584D7AFAC792E09D913401D4 /* Build configuration list for PBXProject "PortMonitor" */;
			developmentRegion = en;
			hasScannedForEncodings = 0;
			knownRegions = (
				Base,
				en,
			);
			mainGroup = 26C392D93DDD841FCAB56F13;
			minimizedProjectReferenceProxies = 1;
			preferredProjectObjectVersion = 77;
			productRefGroup = D4EC400BF5297617A4495BEB /* Products */;
			projectDirPath = "";
			projectRoot = "";
			targets = (
				922BC02235A5859C7E314391 /* PortMonitor */,
				1C3EB56D25ECA13F2F5F3593 /* PortMonitorTests */,
			);
		};
/* End PBXProject section */

/* Begin PBXSourcesBuildPhase section */
		912497B3CE1B24587F5896C3 /* Sources */ = {
			isa = PBXSourcesBuildPhase;
			buildActionMask = 2147483647;
			files = (
				D30B0B2377DAFDAB054B9A1B /* AppDelegate.swift in Sources */,
				7B290E5C634E1AABDDDE322D /* AppSettings.swift in Sources */,
				9EAC922A579FA76BE6C48482 /* PopoverView.swift in Sources */,
				7B2010A879FD741E42AEFFD6 /* PortEntry.swift in Sources */,
				0A30EFB38E94230E456A98C8 /* PortMonitorApp.swift in Sources */,
				E383703FA143D07D96D3C017 /* PortRowView.swift in Sources */,
				9F5651A7200C583287451906 /* PortScanner.swift in Sources */,
			);
			runOnlyForDeploymentPostprocessing = 0;
		};
		FB9C046F603A7CA605A37808 /* Sources */ = {
			isa = PBXSourcesBuildPhase;
			buildActionMask = 2147483647;
			files = (
				EB2B687FFE5574A78BA42466 /* PortScannerTests.swift in Sources */,
			);
			runOnlyForDeploymentPostprocessing = 0;
		};
/* End PBXSourcesBuildPhase section */

/* Begin PBXTargetDependency section */
		FC6B91C12EAC74E5414F87D4 /* PBXTargetDependency */ = {
			isa = PBXTargetDependency;
			target = 922BC02235A5859C7E314391 /* PortMonitor */;
			targetProxy = B689047C3FA9DDF31000AC69 /* PBXContainerItemProxy */;
		};
/* End PBXTargetDependency section */

/* Begin XCBuildConfiguration section */
		48255CDD5396A4BF46D4317A /* Debug */ = {
			isa = XCBuildConfiguration;
			buildSettings = {
				BUNDLE_LOADER = "$(TEST_HOST)";
				COMBINE_HIDPI_IMAGES = YES;
				GENERATE_INFOPLIST_FILE = YES;
				LD_RUNPATH_SEARCH_PATHS = (
					"$(inherited)",
					"@executable_path/../Frameworks",
					"@loader_path/../Frameworks",
				);
				PRODUCT_BUNDLE_IDENTIFIER = com.portmonitor.PortMonitorTests;
				SDKROOT = macosx;
				TEST_HOST = "$(BUILT_PRODUCTS_DIR)/PortMonitor.app/Contents/MacOS/PortMonitor";
			};
			name = Debug;
		};
		59643D2012829D43F0EDD3A2 /* Debug */ = {
			isa = XCBuildConfiguration;
			buildSettings = {
				ALWAYS_SEARCH_USER_PATHS = NO;
				CLANG_ANALYZER_NONNULL = YES;
				CLANG_ANALYZER_NUMBER_OBJECT_CONVERSION = YES_AGGRESSIVE;
				CLANG_CXX_LANGUAGE_STANDARD = "gnu++14";
				CLANG_CXX_LIBRARY = "libc++";
				CLANG_ENABLE_MODULES = YES;
				CLANG_ENABLE_OBJC_ARC = YES;
				CLANG_ENABLE_OBJC_WEAK = YES;
				CLANG_WARN_BLOCK_CAPTURE_AUTORELEASING = YES;
				CLANG_WARN_BOOL_CONVERSION = YES;
				CLANG_WARN_COMMA = YES;
				CLANG_WARN_CONSTANT_CONVERSION = YES;
				CLANG_WARN_DEPRECATED_OBJC_IMPLEMENTATIONS = YES;
				CLANG_WARN_DIRECT_OBJC_ISA_USAGE = YES_ERROR;
				CLANG_WARN_DOCUMENTATION_COMMENTS = YES;
				CLANG_WARN_EMPTY_BODY = YES;
				CLANG_WARN_ENUM_CONVERSION = YES;
				CLANG_WARN_INFINITE_RECURSION = YES;
				CLANG_WARN_INT_CONVERSION = YES;
				CLANG_WARN_NON_LITERAL_NULL_CONVERSION = YES;
				CLANG_WARN_OBJC_IMPLICIT_RETAIN_SELF = YES;
				CLANG_WARN_OBJC_LITERAL_CONVERSION = YES;
				CLANG_WARN_OBJC_ROOT_CLASS = YES_ERROR;
				CLANG_WARN_QUOTED_INCLUDE_IN_FRAMEWORK_HEADER = YES;
				CLANG_WARN_RANGE_LOOP_ANALYSIS = YES;
				CLANG_WARN_STRICT_PROTOTYPES = YES;
				CLANG_WARN_SUSPICIOUS_MOVE = YES;
				CLANG_WARN_UNGUARDED_AVAILABILITY = YES_AGGRESSIVE;
				CLANG_WARN_UNREACHABLE_CODE = YES;
				CLANG_WARN__DUPLICATE_METHOD_MATCH = YES;
				CODE_SIGN_IDENTITY = "-";
				CODE_SIGN_STYLE = Automatic;
				COPY_PHASE_STRIP = NO;
				DEBUG_INFORMATION_FORMAT = dwarf;
				DEVELOPMENT_TEAM = "";
				ENABLE_STRICT_OBJC_MSGSEND = YES;
				ENABLE_TESTABILITY = YES;
				GCC_C_LANGUAGE_STANDARD = gnu11;
				GCC_DYNAMIC_NO_PIC = NO;
				GCC_NO_COMMON_BLOCKS = YES;
				GCC_OPTIMIZATION_LEVEL = 0;
				GCC_PREPROCESSOR_DEFINITIONS = (
					"$(inherited)",
					"DEBUG=1",
				);
				GCC_WARN_64_TO_32_BIT_CONVERSION = YES;
				GCC_WARN_ABOUT_RETURN_TYPE = YES_ERROR;
				GCC_WARN_UNDECLARED_SELECTOR = YES;
				GCC_WARN_UNINITIALIZED_AUTOS = YES_AGGRESSIVE;
				GCC_WARN_UNUSED_FUNCTION = YES;
				GCC_WARN_UNUSED_VARIABLE = YES;
				MACOSX_DEPLOYMENT_TARGET = 13.0;
				MTL_ENABLE_DEBUG_INFO = INCLUDE_SOURCE;
				MTL_FAST_MATH = YES;
				ONLY_ACTIVE_ARCH = YES;
				PRODUCT_NAME = "$(TARGET_NAME)";
				SDKROOT = macosx;
				SWIFT_ACTIVE_COMPILATION_CONDITIONS = DEBUG;
				SWIFT_OPTIMIZATION_LEVEL = "-Onone";
				SWIFT_VERSION = 5.9;
			};
			name = Debug;
		};
		887B54B7F30F187142028886 /* Release */ = {
			isa = XCBuildConfiguration;
			buildSettings = {
				ALWAYS_SEARCH_USER_PATHS = NO;
				CLANG_ANALYZER_NONNULL = YES;
				CLANG_ANALYZER_NUMBER_OBJECT_CONVERSION = YES_AGGRESSIVE;
				CLANG_CXX_LANGUAGE_STANDARD = "gnu++14";
				CLANG_CXX_LIBRARY = "libc++";
				CLANG_ENABLE_MODULES = YES;
				CLANG_ENABLE_OBJC_ARC = YES;
				CLANG_ENABLE_OBJC_WEAK = YES;
				CLANG_WARN_BLOCK_CAPTURE_AUTORELEASING = YES;
				CLANG_WARN_BOOL_CONVERSION = YES;
				CLANG_WARN_COMMA = YES;
				CLANG_WARN_CONSTANT_CONVERSION = YES;
				CLANG_WARN_DEPRECATED_OBJC_IMPLEMENTATIONS = YES;
				CLANG_WARN_DIRECT_OBJC_ISA_USAGE = YES_ERROR;
				CLANG_WARN_DOCUMENTATION_COMMENTS = YES;
				CLANG_WARN_EMPTY_BODY = YES;
				CLANG_WARN_ENUM_CONVERSION = YES;
				CLANG_WARN_INFINITE_RECURSION = YES;
				CLANG_WARN_INT_CONVERSION = YES;
				CLANG_WARN_NON_LITERAL_NULL_CONVERSION = YES;
				CLANG_WARN_OBJC_IMPLICIT_RETAIN_SELF = YES;
				CLANG_WARN_OBJC_LITERAL_CONVERSION = YES;
				CLANG_WARN_OBJC_ROOT_CLASS = YES_ERROR;
				CLANG_WARN_QUOTED_INCLUDE_IN_FRAMEWORK_HEADER = YES;
				CLANG_WARN_RANGE_LOOP_ANALYSIS = YES;
				CLANG_WARN_STRICT_PROTOTYPES = YES;
				CLANG_WARN_SUSPICIOUS_MOVE = YES;
				CLANG_WARN_UNGUARDED_AVAILABILITY = YES_AGGRESSIVE;
				CLANG_WARN_UNREACHABLE_CODE = YES;
				CLANG_WARN__DUPLICATE_METHOD_MATCH = YES;
				CODE_SIGN_IDENTITY = "-";
				CODE_SIGN_STYLE = Automatic;
				COPY_PHASE_STRIP = NO;
				DEBUG_INFORMATION_FORMAT = "dwarf-with-dsym";
				DEVELOPMENT_TEAM = "";
				ENABLE_NS_ASSERTIONS = NO;
				ENABLE_STRICT_OBJC_MSGSEND = YES;
				GCC_C_LANGUAGE_STANDARD = gnu11;
				GCC_NO_COMMON_BLOCKS = YES;
				GCC_WARN_64_TO_32_BIT_CONVERSION = YES;
				GCC_WARN_ABOUT_RETURN_TYPE = YES_ERROR;
				GCC_WARN_UNDECLARED_SELECTOR = YES;
				GCC_WARN_UNINITIALIZED_AUTOS = YES_AGGRESSIVE;
				GCC_WARN_UNUSED_FUNCTION = YES;
				GCC_WARN_UNUSED_VARIABLE = YES;
				MACOSX_DEPLOYMENT_TARGET = 13.0;
				MTL_ENABLE_DEBUG_INFO = NO;
				MTL_FAST_MATH = YES;
				PRODUCT_NAME = "$(TARGET_NAME)";
				SDKROOT = macosx;
				SWIFT_COMPILATION_MODE = wholemodule;
				SWIFT_OPTIMIZATION_LEVEL = "-O";
				SWIFT_VERSION = 5.9;
			};
			name = Release;
		};
		913F03B96171D7DB787623EF /* Release */ = {
			isa = XCBuildConfiguration;
			buildSettings = {
				ASSETCATALOG_COMPILER_APPICON_NAME = AppIcon;
				CODE_SIGN_ENTITLEMENTS = PortMonitor/PortMonitor.entitlements;
				COMBINE_HIDPI_IMAGES = YES;
				GENERATE_INFOPLIST_FILE = NO;
				INFOPLIST_FILE = PortMonitor/Info.plist;
				LD_RUNPATH_SEARCH_PATHS = (
					"$(inherited)",
					"@executable_path/../Frameworks",
				);
				PRODUCT_BUNDLE_IDENTIFIER = com.portmonitor.PortMonitor;
				PRODUCT_NAME = PortMonitor;
				SDKROOT = macosx;
			};
			name = Release;
		};
		9AC376FB279A6159CDE909DC /* Debug */ = {
			isa = XCBuildConfiguration;
			buildSettings = {
				ASSETCATALOG_COMPILER_APPICON_NAME = AppIcon;
				CODE_SIGN_ENTITLEMENTS = PortMonitor/PortMonitor.entitlements;
				COMBINE_HIDPI_IMAGES = YES;
				GENERATE_INFOPLIST_FILE = NO;
				INFOPLIST_FILE = PortMonitor/Info.plist;
				LD_RUNPATH_SEARCH_PATHS = (
					"$(inherited)",
					"@executable_path/../Frameworks",
				);
				PRODUCT_BUNDLE_IDENTIFIER = com.portmonitor.PortMonitor;
				PRODUCT_NAME = PortMonitor;
				SDKROOT = macosx;
			};
			name = Debug;
		};
		F019C67A40D94CF5B151B7F0 /* Release */ = {
			isa = XCBuildConfiguration;
			buildSettings = {
				BUNDLE_LOADER = "$(TEST_HOST)";
				COMBINE_HIDPI_IMAGES = YES;
				GENERATE_INFOPLIST_FILE = YES;
				LD_RUNPATH_SEARCH_PATHS = (
					"$(inherited)",
					"@executable_path/../Frameworks",
					"@loader_path/../Frameworks",
				);
				PRODUCT_BUNDLE_IDENTIFIER = com.portmonitor.PortMonitorTests;
				SDKROOT = macosx;
				TEST_HOST = "$(BUILT_PRODUCTS_DIR)/PortMonitor.app/Contents/MacOS/PortMonitor";
			};
			name = Release;
		};
/* End XCBuildConfiguration section */

/* Begin XCConfigurationList section */
		08F03118F19293F9AD85D15F /* Build configuration list for PBXNativeTarget "PortMonitorTests" */ = {
			isa = XCConfigurationList;
			buildConfigurations = (
				48255CDD5396A4BF46D4317A /* Debug */,
				F019C67A40D94CF5B151B7F0 /* Release */,
			);
			defaultConfigurationIsVisible = 0;
			defaultConfigurationName = Debug;
		};
		584D7AFAC792E09D913401D4 /* Build configuration list for PBXProject "PortMonitor" */ = {
			isa = XCConfigurationList;
			buildConfigurations = (
				59643D2012829D43F0EDD3A2 /* Debug */,
				887B54B7F30F187142028886 /* Release */,
			);
			defaultConfigurationIsVisible = 0;
			defaultConfigurationName = Debug;
		};
		76A8387AFA8CE4EA4A67858D /* Build configuration list for PBXNativeTarget "PortMonitor" */ = {
			isa = XCConfigurationList;
			buildConfigurations = (
				9AC376FB279A6159CDE909DC /* Debug */,
				913F03B96171D7DB787623EF /* Release */,
			);
			defaultConfigurationIsVisible = 0;
			defaultConfigurationName = Debug;
		};
/* End XCConfigurationList section */
	};
	rootObject = 2D455DD9EE09A0F76F3FBDE5 /* Project object */;
}
